// !$*UTF8*$!
{
	archiveVersion = 1;
	classes = {
	};
	objectVersion = 46;
	objects = {

/* Begin PBXBuildFile section */
		275ECEBE1D0EA75500D92935 /* AppDelegate.swift in Sources */ = {isa = PBXBuildFile; fileRef = 275ECEBD1D0EA75500D92935 /* AppDelegate.swift */; };
		275ECEC01D0EA75500D92935 /* ViewController.swift in Sources */ = {isa = PBXBuildFile; fileRef = 275ECEBF1D0EA75500D92935 /* ViewController.swift */; };
		275ECEC31D0EA75500D92935 /* Main.storyboard in Resources */ = {isa = PBXBuildFile; fileRef = 275ECEC11D0EA75500D92935 /* Main.storyboard */; };
		275ECEC51D0EA75500D92935 /* Assets.xcassets in Resources */ = {isa = PBXBuildFile; fileRef = 275ECEC41D0EA75500D92935 /* Assets.xcassets */; };
		275ECEC81D0EA75500D92935 /* LaunchScreen.storyboard in Resources */ = {isa = PBXBuildFile; fileRef = 275ECEC61D0EA75500D92935 /* LaunchScreen.storyboard */; };
/* End PBXBuildFile section */

/* Begin PBXFileReference section */
		275ECEBA1D0EA75500D92935 /* notifi鍵盤跟照片.app */ = {isa = PBXFileReference; explicitFileType = wrapper.application; includeInIndex = 0; path = "notifi鍵盤跟照片.app"; sourceTree = BUILT_PRODUCTS_DIR; };
		275ECEBD1D0EA75500D92935 /* AppDelegate.swift */ = {isa = PBXFileReference; lastKnownFileType = sourcecode.swift; path = AppDelegate.swift; sourceTree = "<group>"; };
		275ECEBF1D0EA75500D92935 /* ViewController.swift */ = {isa = PBXFileReference; lastKnownFileType = sourcecode.swift; path = ViewController.swift; sourceTree = "<group>"; };
		275ECEC21D0EA75500D92935 /* Base */ = {isa = PBXFileReference; lastKnownFileType = file.storyboard; name = Base; path = Base.lproj/Main.storyboard; sourceTree = "<group>"; };
		275ECEC41D0EA75500D92935 /* Assets.xcassets */ = {isa = PBXFileReference; lastKnownFileType = folder.assetcatalog; path = Assets.xcassets; sourceTree = "<group>"; };
		275ECEC71D0EA75500D92935 /* Base */ = {isa = PBXFileReference; lastKnownFileType = file.storyboard; name = Base; path = Base.lproj/LaunchScreen.storyboard; sourceTree = "<group>"; };
		275ECEC91D0EA75500D92935 /* Info.plist */ = {isa = PBXFileReference; lastKnownFileType = text.plist.xml; path = Info.plist; sourceTree = "<group>"; };
/* End PBXFileReference section */

/* Begin PBXFrameworksBuildPhase section */
		275ECEB71D0EA75500D92935 /* Frameworks */ = {
			isa = PBXFrameworksBuildPhase;
			buildActionMask = 2147483647;
			files = (
			);
			runOnlyForDeploymentPostprocessing = 0;
		};
/* End PBXFrameworksBuildPhase section */

/* Begin PBXGroup section */
		275ECEB11D0EA75500D92935 = {
			isa = PBXGroup;
			children = (
				275ECEBC1D0EA75500D92935 /* notifi鍵盤跟照片 */,
				275ECEBB1D0EA75500D92935 /* Products */,
			);
			sourceTree = "<group>";
		};
		275ECEBB1D0EA75500D92935 /* Products */ = {
			isa = PBXGroup;
			children = (
				275ECEBA1D0EA75500D92935 /* notifi鍵盤跟照片.app */,
			);
			name = Products;
			sourceTree = "<group>";
		};
		275ECEBC1D0EA75500D92935 /* notifi鍵盤跟照片 */ = {
			isa = PBXGroup;
			children = (
				275ECEBD1D0EA75500D92935 /* AppDelegate.swift */,
				275ECEBF1D0EA75500D92935 /* ViewController.swift */,
				275ECEC11D0EA75500D92935 /* Main.storyboard */,
				275ECEC41D0EA75500D92935 /* Assets.xcassets */,
				275ECEC61D0EA75500D92935 /* LaunchScreen.storyboard */,
				275ECEC91D0EA75500D92935 /* Info.plist */,
			);
			path = "notifi鍵盤跟照片";
			sourceTree = "<group>";
		};
/* End PBXGroup section */

/* Begin PBXNativeTarget section */
		275ECEB91D0EA75500D92935 /* notifi鍵盤跟照片 */ = {
			isa = PBXNativeTarget;
			buildConfigurationList = 275ECECC1D0EA75500D92935 /* Build configuration list for PBXNativeTarget "notifi鍵盤跟照片" */;
			buildPhases = (
				275ECEB61D0EA75500D92935 /* Sources */,
				275ECEB71D0EA75500D92935 /* Frameworks */,
				275ECEB81D0EA75500D92935 /* Resources */,
			);
			buildRules = (
			);
			dependencies = (
			);
			name = "notifi鍵盤跟照片";
			productName = "notifi鍵盤跟照片";
			productReference = 275ECEBA1D0EA75500D92935 /* notifi鍵盤跟照片.app */;
			productType = "com.apple.product-type.application";
		};
/* End PBXNativeTarget section */

/* Begin PBXProject section */
		275ECEB21D0EA75500D92935 /* Project object */ = {
			isa = PBXProject;
			attributes = {
				LastSwiftUpdateCheck = 0730;
				LastUpgradeCheck = 0730;
				ORGANIZATIONNAME = Alphacamp;
				TargetAttributes = {
					275ECEB91D0EA75500D92935 = {
						CreatedOnToolsVersion = 7.3.1;
					};
				};
			};
			buildConfigurationList = 275ECEB51D0EA75500D92935 /* Build configuration list for PBXProject "notifi鍵盤跟照片" */;
			compatibilityVersion = "Xcode 3.2";
			developmentRegion = English;
			hasScannedForEncodings = 0;
			knownRegions = (
				en,
				Base,
			);
			mainGroup = 275ECEB11D0EA75500D92935;
			productRefGroup = 275ECEBB1D0EA75500D92935 /* Products */;
			projectDirPath = "";
			projectRoot = "";
			targets = (
				275ECEB91D0EA75500D92935 /* notifi鍵盤跟照片 */,
			);
		};
/* End PBXProject section */

/* Begin PBXResourcesBuildPhase section */
		275ECEB81D0EA75500D92935 /* Resources */ = {
			isa = PBXResourcesBuildPhase;
			buildActionMask = 2147483647;
			files = (
				275ECEC81D0EA75500D92935 /* LaunchScreen.storyboard in Resources */,
				275ECEC51D0EA75500D92935 /* Assets.xcassets in Resources */,
				275ECEC31D0EA75500D92935 /* Main.storyboard in Resources */,
			);
			runOnlyForDeploymentPostprocessing = 0;
		};
/* End PBXResourcesBuildPhase section */

/* Begin PBXSourcesBuildPhase section */
		275ECEB61D0EA75500D92935 /* Sources */ = {
			isa = PBXSourcesBuildPhase;
			buildActionMask = 2147483647;
			files = (
				275ECEC01D0EA75500D92935 /* ViewController.swift in Sources */,
				275ECEBE1D0EA75500D92935 /* AppDelegate.swift in Sources */,
			);
			runOnlyForDeploymentPostprocessing = 0;
		};
/* End PBXSourcesBuildPhase section */

/* Begin PBXVariantGroup section */
		275ECEC11D0EA75500D92935 /* Main.storyboard */ = {
			isa = PBXVariantGroup;
			children = (
				275ECEC21D0EA75500D92935 /* Base */,
			);
			name = Main.storyboard;
			sourceTree = "<group>";
		};
		275ECEC61D0EA75500D92935 /* LaunchScreen.storyboard */ = {
			isa = PBXVariantGroup;
			children = (
				275ECEC71D0EA75500D92935 /* Base */,
			);
			name = LaunchScreen.storyboard;
			sourceTree = "<group>";
		};
/* End PBXVariantGroup section */

/* Begin XCBuildConfiguration section */
		275ECECA1D0EA75500D92935 /* Debug */ = {
			isa = XCBuildConfiguration;
			buildSettings = {
				ALWAYS_SEARCH_USER_PATHS = NO;
				CLANG_ANALYZER_NONNULL = YES;
				CLANG_CXX_LANGUAGE_STANDARD = "gnu++0x";
				CLANG_CXX_LIBRARY = "libc++";
				CLANG_ENABLE_MODULES = YES;
				CLANG_ENABLE_OBJC_ARC = YES;
				CLANG_WARN_BOOL_CONVERSION = YES;
				CLANG_WARN_CONSTANT_CONVERSION = YES;
				CLANG_WARN_DIRECT_OBJC_ISA_USAGE = YES_ERROR;
				CLANG_WARN_EMPTY_BODY = YES;
				CLANG_WARN_ENUM_CONVERSION = YES;
				CLANG_WARN_INT_CONVERSION = YES;
				CLANG_WARN_OBJC_ROOT_CLASS = YES_ERROR;
				CLANG_WARN_UNREACHABLE_CODE = YES;
				CLANG_WARN__DUPLICATE_METHOD_MATCH = YES;
				"CODE_SIGN_IDENTITY[sdk=iphoneos*]" = "iPhone Developer";
				COPY_PHASE_STRIP = NO;
				DEBUG_INFORMATION_FORMAT = dwarf;
				ENABLE_STRICT_OBJC_MSGSEND = YES;
				ENABLE_TESTABILITY = YES;
				GCC_C_LANGUAGE_STANDARD = gnu99;
				GCC_DYNAMIC_NO_PIC = NO;
				GCC_NO_COMMON_BLOCKS = YES;
				GCC_OPTIMIZATION_LEVEL = 0;
				GCC_PREPROCESSOR_DEFINITIONS = (
					"DEBUG=1",
					"$(inherited)",
				);
				GCC_WARN_64_TO_32_BIT_CONVERSION = YES;
				GCC_WARN_ABOUT_RETURN_TYPE = YES_ERROR;
				GCC_WARN_UNDECLARED_SELECTOR = YES;
				GCC_WARN_UNINITIALIZED_AUTOS = YES_AGGRESSIVE;
				GCC_WARN_UNUSED_FUNCTION = YES;
				GCC_WARN_UNUSED_VARIABLE = YES;
				IPHONEOS_DEPLOYMENT_TARGET = 9.3;
				MTL_ENABLE_DEBUG_INFO = YES;
				ONLY_ACTIVE_ARCH = YES;
				SDKROOT = iphoneos;
				SWIFT_OPTIMIZATION_LEVEL = "-Onone";
			};
			name = Debug;
		};
		275ECECB1D0EA75500D92935 /* Release */ = {
			isa = XCBuildConfiguration;
			buildSettings = {
				ALWAYS_SEARCH_USER_PATHS = NO;
				CLANG_ANALYZER_NONNULL = YES;
				CLANG_CXX_LANGUAGE_STANDARD = "gnu++0x";
				CLANG_CXX_LIBRARY = "libc++";
				CLANG_ENABLE_MODULES = YES;
				CLANG_ENABLE_OBJC_ARC = YES;
				CLANG_WARN_BOOL_CONVERSION = YES;
				CLANG_WARN_CONSTANT_CONVERSION = YES;
				CLANG_WARN_DIRECT_OBJC_ISA_USAGE = YES_ERROR;
				CLANG_WARN_EMPTY_BODY = YES;
				CLANG_WARN_ENUM_CONVERSION = YES;
				CLANG_WARN_INT_CONVERSION = YES;
				CLANG_WARN_OBJC_ROOT_CLASS = YES_ERROR;
				CLANG_WARN_UNREACHABLE_CODE = YES;
				CLANG_WARN__DUPLICATE_METHOD_MATCH = YES;
				"CODE_SIGN_IDENTITY[sdk=iphoneos*]" = "iPhone Developer";
				COPY_PHASE_STRIP = NO;
				DEBUG_INFORMATION_FORMAT = "dwarf-with-dsym";
				ENABLE_NS_ASSERTIONS = NO;
				ENABLE_STRICT_OBJC_MSGSEND = YES;
				GCC_C_LANGUAGE_STANDARD = gnu99;
				GCC_NO_COMMON_BLOCKS = YES;
				GCC_WARN_64_TO_32_BIT_CONVERSION = YES;
				GCC_WARN_ABOUT_RETURN_TYPE = YES_ERROR;
				GCC_WARN_UNDECLARED_SELECTOR = YES;
				GCC_WARN_UNINITIALIZED_AUTOS = YES_AGGRESSIVE;
				GCC_WARN_UNUSED_FUNCTION = YES;
				GCC_WARN_UNUSED_VARIABLE = YES;
				IPHONEOS_DEPLOYMENT_TARGET = 9.3;
				MTL_ENABLE_DEBUG_INFO = NO;
				SDKROOT = iphoneos;
				VALIDATE_PRODUCT = YES;
			};
			name = Release;
		};
		275ECECD1D0EA75500D92935 /* Debug */ = {
			isa = XCBuildConfiguration;
			buildSettings = {
				ASSETCATALOG_COMPILER_APPICON_NAME = AppIcon;
				INFOPLIST_FILE = "notifi鍵盤跟照片/Info.plist";
				LD_RUNPATH_SEARCH_PATHS = "$(inherited) @executable_path/Frameworks";
				PRODUCT_BUNDLE_IDENTIFIER = "co.Alphacamp.notifi-----";
				PRODUCT_NAME = "$(TARGET_NAME)";
			};
			name = Debug;
		};
		275ECECE1D0EA75500D92935 /* Release */ = {
			isa = XCBuildConfiguration;
			buildSettings = {
				ASSETCATALOG_COMPILER_APPICON_NAME = AppIcon;
				INFOPLIST_FILE = "notifi鍵盤跟照片/Info.plist";
				LD_RUNPATH_SEARCH_PATHS = "$(inherited) @executable_path/Frameworks";
				PRODUCT_BUNDLE_IDENTIFIER = "co.Alphacamp.notifi-----";
				PRODUCT_NAME = "$(TARGET_NAME)";
			};
			name = Release;
		};
/* End XCBuildConfiguration section */

/* Begin XCConfigurationList section */
		275ECEB51D0EA75500D92935 /* Build configuration list for PBXProject "notifi鍵盤跟照片" */ = {
			isa = XCConfigurationList;
			buildConfigurations = (
				275ECECA1D0EA75500D92935 /* Debug */,
				275ECECB1D0EA75500D92935 /* Release */,
			);
			defaultConfigurationIsVisible = 0;
			defaultConfigurationName = Release;
		};
		275ECECC1D0EA75500D92935 /* Build configuration list for PBXNativeTarget "notifi鍵盤跟照片" */ = {
			isa = XCConfigurationList;
			buildConfigurations = (
				275ECECD1D0EA75500D92935 /* Debug */,
				275ECECE1D0EA75500D92935 /* Release */,
			);
			defaultConfigurationIsVisible = 0;
		};
/* End XCConfigurationList section */
	};
	rootObject = 275ECEB21D0EA75500D92935 /* Project object */;
}
